lockfileVersion: '9.0'

settings:
  autoInstallPeers: true
  excludeLinksFromLockfile: false

importers:

  .:
    devDependencies:
      ajv:
        specifier: ^8.17.1
        version: 8.20.0
      ajv-formats:
        specifier: ^3.0.1
        version: 3.0.1(ajv@8.20.0)
      lucide-react:
        specifier: ^0.468.0
        version: 0.468.0(react@19.2.6)

  modules/access-guide:
    dependencies:
      '@portaki/module-sdk':
        specifier: 0.5.0
        version: 0.5.0(react@19.2.6)
      react:
        specifier: ^19.1.0
        version: 19.2.6
      react-dom:
        specifier: ^19.1.0
        version: 19.2.6(react@19.2.6)
    devDependencies:
      '@types/react':
        specifier: ^19
        version: 19.2.14
      typescript:
        specifier: ^5
        version: 5.9.3

  modules/appliances:
    dependencies:
      '@portaki/module-sdk':
        specifier: 0.5.0
        version: 0.5.0(react@19.2.6)
      react:
        specifier: ^19.1.0
        version: 19.2.6
      react-dom:
        specifier: ^19.1.0
        version: 19.2.6(react@19.2.6)
    devDependencies:
      '@types/react':
        specifier: ^19
        version: 19.2.14
      typescript:
        specifier: ^5
        version: 5.9.3

  modules/checklist:
    dependencies:
      '@portaki/module-sdk':
        specifier: 0.5.0
        version: 0.5.0(react@19.2.6)
      react:
        specifier: ^19.1.0
        version: 19.2.6
      react-dom:
        specifier: ^19.1.0
        version: 19.2.6(react@19.2.6)
    devDependencies:
      '@types/react':
        specifier: ^19
        version: 19.2.14
      typescript:
        specifier: ^5
        version: 5.9.3

  modules/emergency-contacts:
    dependencies:
      '@portaki/module-sdk':
        specifier: 0.5.0
        version: 0.5.0(react@19.2.6)
      react:
        specifier: ^19.1.0
        version: 19.2.6
      react-dom:
        specifier: ^19.1.0
        version: 19.2.6(react@19.2.6)
    devDependencies:
      '@types/react':
        specifier: ^19
        version: 19.2.14
      typescript:
        specifier: ^5
        version: 5.9.3

  modules/events:
    dependencies:
      '@portaki/module-sdk':
        specifier: 0.5.0
        version: 0.5.0(react@19.2.6)
      react:
        specifier: ^19.1.0
        version: 19.2.6
      react-dom:
        specifier: ^19.1.0
        version: 19.2.6(react@19.2.6)
    devDependencies:
      '@types/react':
        specifier: ^19
        version: 19.2.14
      typescript:
        specifier: ^5
        version: 5.9.3

  modules/facility-hours:
    dependencies:
      '@portaki/module-sdk':
        specifier: 0.5.0
        version: 0.5.0(react@19.2.6)
      react:
        specifier: ^19.1.0
        version: 19.2.6
      react-dom:
        specifier: ^19.1.0
        version: 19.2.6(react@19.2.6)
    devDependencies:
      '@types/react':
        specifier: ^19
        version: 19.2.14
      typescript:
        specifier: ^5
        version: 5.9.3

  modules/ical-sync:
    dependencies:
      '@portaki/module-sdk':
        specifier: 0.5.0
        version: 0.5.0(react@19.2.6)
      react:
        specifier: ^19.1.0
        version: 19.2.6
      react-dom:
        specifier: ^19.1.0
        version: 19.2.6(react@19.2.6)
    devDependencies:
      '@types/react':
        specifier: ^19
        version: 19.2.14
      typescript:
        specifier: ^5
        version: 5.9.3

  modules/local-guide:
    dependencies:
      '@portaki/module-sdk':
        specifier: 0.5.0
        version: 0.5.0(react@19.2.6)
      react:
        specifier: ^19.1.0
        version: 19.2.6
      react-dom:
        specifier: ^19.1.0
        version: 19.2.6(react@19.2.6)
    devDependencies:
      '@types/react':
        specifier: ^19
        version: 19.2.14
      typescript:
        specifier: ^5
        version: 5.9.3

  modules/pre-arrival-form/frontend:
    dependencies:
      '@portaki/module-sdk':
        specifier: 0.5.0
        version: 0.5.0(react@19.2.6)
      react:
        specifier: ^19.1.0
        version: 19.2.6
      react-dom:
        specifier: ^19.1.0
        version: 19.2.6(react@19.2.6)
    devDependencies:
      '@types/react':
        specifier: ^19
        version: 19.2.14
      typescript:
        specifier: ^5
        version: 5.9.3

  modules/rules:
    dependencies:
      '@portaki/module-sdk':
        specifier: 0.6.0
        version: 0.6.0(react@19.2.6)
      '@portaki/sdk':
        specifier: ^0.5.0
        version: 0.5.1(react@19.2.6)
      '@tiptap/core':
        specifier: ^3.0.0
        version: 3.23.4(@tiptap/pm@3.23.4)
      '@tiptap/html':
        specifier: ^3.0.0
        version: 3.23.4(@tiptap/core@3.23.4(@tiptap/pm@3.23.4))(@tiptap/pm@3.23.4)(happy-dom@20.9.0)
      '@tiptap/starter-kit':
        specifier: ^3.0.0
        version: 3.23.4
      react:
        specifier: ^19.1.0
        version: 19.2.6
      react-dom:
        specifier: ^19.1.0
        version: 19.2.6(react@19.2.6)
    devDependencies:
      '@types/react':
        specifier: ^19
        version: 19.2.14
      typescript:
        specifier: ^5
        version: 5.9.3

  modules/sections:
    dependencies:
      '@portaki/module-sdk':
        specifier: 0.5.0
        version: 0.5.0(react@19.2.6)
      '@portaki/sdk':
        specifier: ^0.5.0
        version: 0.5.1(react@19.2.6)
      '@tiptap/core':
        specifier: ^3.0.0
        version: 3.23.4(@tiptap/pm@3.23.4)
      '@tiptap/html':
        specifier: ^3.0.0
        version: 3.23.4(@tiptap/core@3.23.4(@tiptap/pm@3.23.4))(@tiptap/pm@3.23.4)(happy-dom@20.9.0)
      '@tiptap/starter-kit':
        specifier: ^3.0.0
        version: 3.23.4
      react:
        specifier: ^19.1.0
        version: 19.2.6
      react-dom:
        specifier: ^19.1.0
        version: 19.2.6(react@19.2.6)
    devDependencies:
      '@types/react':
        specifier: ^19
        version: 19.2.14
      typescript:
        specifier: ^5
        version: 5.9.3

  modules/train:
    dependencies:
      '@portaki/module-sdk':
        specifier: 0.5.0
        version: 0.5.0(react@19.2.6)
      react:
        specifier: ^19.1.0
        version: 19.2.6
      react-dom:
        specifier: ^19.1.0
        version: 19.2.6(react@19.2.6)
    devDependencies:
      '@types/react':
        specifier: ^19
        version: 19.2.14
      typescript:
        specifier: ^5
        version: 5.9.3

  modules/trmnl:
    dependencies:
      '@portaki/module-sdk':
        specifier: 0.5.0
        version: 0.5.0(react@19.2.6)
      react:
        specifier: ^19.1.0
        version: 19.2.6
      react-dom:
        specifier: ^19.1.0
        version: 19.2.6(react@19.2.6)
    devDependencies:
      '@types/react':
        specifier: ^19
        version: 19.2.14
      typescript:
        specifier: ^5
        version: 5.9.3

  modules/waste-recycling:
    dependencies:
      '@portaki/module-sdk':
        specifier: 0.5.0
        version: 0.5.0(react@19.2.6)
      react:
        specifier: ^19.1.0
        version: 19.2.6
      react-dom:
        specifier: ^19.1.0
        version: 19.2.6(react@19.2.6)
    devDependencies:
      '@types/react':
        specifier: ^19
        version: 19.2.14
      typescript:
        specifier: ^5
        version: 5.9.3

  modules/weather:
    dependencies:
      '@portaki/module-sdk':
        specifier: 0.5.0
        version: 0.5.0(react@19.2.6)
      react:
        specifier: ^19.1.0
        version: 19.2.6
      react-dom:
        specifier: ^19.1.0
        version: 19.2.6(react@19.2.6)
    devDependencies:
      '@types/react':
        specifier: ^19
        version: 19.2.14
      typescript:
        specifier: ^5
        version: 5.9.3

  modules/wifi-guest:
    dependencies:
      '@portaki/module-sdk':
        specifier: 0.5.0
        version: 0.5.0(react@19.2.6)
      react:
        specifier: ^19.1.0
        version: 19.2.6
      react-dom:
        specifier: ^19.1.0
        version: 19.2.6(react@19.2.6)
    devDependencies:
      '@types/react':
        specifier: ^19
        version: 19.2.14
      typescript:
        specifier: ^5
        version: 5.9.3

packages:

  '@portaki/module-sdk@0.5.0':
    resolution: {integrity: sha512-nhKFW/6KYzAkyBE/bo9CRX4LfXUrsLdM+eQH7kUEk+4eAz6NiWUYN3erkyL8FAcS0KdGiRYoElNme6ibIEdG1A==}
    peerDependencies:
      react: '>=18'

  '@portaki/module-sdk@0.6.0':
    resolution: {integrity: sha512-B9bYMkzn5dnf3f4eqMj1rNYcCQFgOaGt72fyadX9rTtppt4fraaQnvc8ADO05/RIeuXg4V9ZypTcfwRvcv702w==}
    peerDependencies:
      react: '>=18'

  '@portaki/sdk@0.5.1':
    resolution: {integrity: sha512-W9s5p3NSWsjROQfuPo2UMs2rpB20j1pwzVi0ilPJ5/VT3zDeCJH/k6zxEG9Ibu3Ia8OsS2TGUsruS/ys69Gb2Q==}
    peerDependencies:
      react: '>=18'

  '@tiptap/core@3.23.4':
    resolution: {integrity: sha512-ni2LWE52bVeSt3L2HVBSmbBw+elc32ATej9C68EyKzN/8vR5ILxFn6RCdDTKm4asmwZyq2jys12dKmBdWMr9QA==}
    peerDependencies:
      '@tiptap/pm': 3.23.4

  '@tiptap/extension-blockquote@3.23.4':
    resolution: {integrity: sha512-7YjSibNlPcy9eGK+tHt5G/Njr7nPxl+rZ3rCC6TwtLIRLSHPnoGDsfFOgTPkXxaQcE1a/VQwemnYfWc3kdIjDQ==}
    peerDependencies:
      '@tiptap/core': 3.23.4

  '@tiptap/extension-bold@3.23.4':
    resolution: {integrity: sha512-3L9tnZ12i+98u5df2nV2zGu/sc3rhI87E3ocn1YYAO8PJUAgZnMwdet8JawCrS1uut5sRKlxo3SXEmdNfRVm/w==}
    peerDependencies:
      '@tiptap/core': 3.23.4

  '@tiptap/extension-bullet-list@3.23.4':
    resolution: {integrity: sha512-mXB2KZOz1R+E6VNTZ3vzdAk7ZDGKjPmsJEZIQg1B5qRycTKg49/rCCkLA2QnqAwX6BzS3mLLH1RWE2W0oXD7vg==}
    peerDependencies:
      '@tiptap/extension-list': 3.23.4

  '@tiptap/extension-code-block@3.23.4':
    resolution: {integrity: sha512-UEU1w/85CSNKktbhESnIRmtjKcH7DeschReZA8err1wAnYLTKzid5ucnJSJ25iRg2V5Fnuws5gnPT5CVgdfXCQ==}
    peerDependencies:
      '@tiptap/core': 3.23.4
      '@tiptap/pm': 3.23.4

  '@tiptap/extension-code@3.23.4':
    resolution: {integrity: sha512-C0TeRipMycUEBnV+Mzx6eLp/yZb6Vi/waP3Tkb0lO5/ikg7LWLB7AlmMunjIXEUcR/pJHID/aEh5PfJFpysUDg==}
    peerDependencies:
      '@tiptap/core': 3.23.4

  '@tiptap/extension-document@3.23.4':
    resolution: {integrity: sha512-YC4G6VkxT629rlqUTwD6XvOpxjvghn7fxrK4RbyKVJY2C6E1vgmX0won1Ast6v+qTE6iONOMS6f6VyPxSGjg4w==}
    peerDependencies:
      '@tiptap/core': 3.23.4

  '@tiptap/extension-dropcursor@3.23.4':
    resolution: {integrity: sha512-ujJQUIENk0RwVFCh5g/TOSEv1a7Pnam/cjHmSUqHWUNZkYS9aOqjm+JfURJPCinRS2oHvo3AARul5mkKgDJYcA==}
    peerDependencies:
      '@tiptap/extensions': 3.23.4

  '@tiptap/extension-gapcursor@3.23.4':
    resolution: {integrity: sha512-RuyvOlIGP6UpVOc0Lw0L63jKLtYM49CNhPV2OMSfwwwbBZ3pJGos2/SqpYg71d3sn+qpsAopS4Pfr8iPZog73A==}
    peerDependencies:
      '@tiptap/extensions': 3.23.4

  '@tiptap/extension-hard-break@3.23.4':
    resolution: {integrity: sha512-ODlpZCi7n136BH9luM09EFL8Pg+bbRCd0tzCQM5BKMXRkLitYZA8Gl/f5DLmGJ50wzFsDPXK2Br2g9UvZK7COg==}
    peerDependencies:
      '@tiptap/core': 3.23.4

  '@tiptap/extension-heading@3.23.4':
    resolution: {integrity: sha512-8W9Hqi0J69Xbqg08nPf4xRMJXMccaKFAgUE1tvy5PAWJSQxOMwkKQXgZXxwe+80sOMUnV8qveBqUy/ODMPgAxQ==}
    peerDependencies:
      '@tiptap/core': 3.23.4

  '@tiptap/extension-horizontal-rule@3.23.4':
    resolution: {integrity: sha512-EA4kK8ywZ4dQNOdxeZbplmDDs5T5LjMgHpqxRwukj9wwKiILOK5E3fcKm1fCKh9Q02w96jax6YVccHwmgJP3sQ==}
    peerDependencies:
      '@tiptap/core': 3.23.4
      '@tiptap/pm': 3.23.4

  '@tiptap/extension-italic@3.23.4':
    resolution: {integrity: sha512-jUAHi+HZlg47BzgVIy6y/UH5vev7vPQ95jddhB5K3hC122kvWFMXlken7UOnqzbxNcHs2+4Oi/ZJirYMpT4P5w==}
    peerDependencies:
      '@tiptap/core': 3.23.4

  '@tiptap/extension-link@3.23.4':
    resolution: {integrity: sha512-XjxltY7MomwfTs6jmN6Bw5bb/upb34lpyqv2RiXppFTK25Br7ipksRjUpWpB4/csZeg30qwrLGVKxCol38ffrw==}
    peerDependencies:
      '@tiptap/core': 3.23.4
      '@tiptap/pm': 3.23.4

  '@tiptap/extension-list-item@3.23.4':
    resolution: {integrity: sha512-Q/JXosShD5oyDwukE6igdrZD2lb0ZgyoQTHYchk0pzU4frClFbn3RI1wKP+XeqKLhdO6KH2WZ9rERGH7PtDi7Q==}
    peerDependencies:
      '@tiptap/extension-list': 3.23.4

  '@tiptap/extension-list-keymap@3.23.4':
    resolution: {integrity: sha512-9FezifCfuoc0o+5K6l4QNOOfelqxnDGg/f9oL1D/LFZPC54bPxpWWft9QCWOqyqZgyLCLjbCjciAlbgkrFUmmw==}
    peerDependencies:
      '@tiptap/extension-list': 3.23.4

  '@tiptap/extension-list@3.23.4':
    resolution: {integrity: sha512-yuauDm6qW/7q+ZO0YJBKQEGdnUm6DDTJM8AMp9bMZrT4jRf/zyUtNcZ91QEfFvBcyVuI+10PIOXtNPevhQ741Q==}
    peerDependencies:
      '@tiptap/core': 3.23.4
      '@tiptap/pm': 3.23.4

  '@tiptap/extension-ordered-list@3.23.4':
    resolution: {integrity: sha512-+3ofyssYnOTa1+nFWEmCAY1ngn8nAV1xo25JnNNC87NMU9WkSgr93jB7/uUJP0uui1C2dBLlaup3XXm108yarw==}
    peerDependencies:
      '@tiptap/extension-list': 3.23.4

  '@tiptap/extension-paragraph@3.23.4':
    resolution: {integrity: sha512-KbhXjCFzWphvFn5VU7E4dtmYDm+bssI1i0+CnXPWCXkjdaaX88ck68Xp1fKz8/bbI/CqlgiNDO/3TvqgtZ6woQ==}
    peerDependencies:
      '@tiptap/core': 3.23.4

  '@tiptap/extension-strike@3.23.4':
    resolution: {integrity: sha512-Vnq5vW801zPbu1LtKeA5k4R241jY+hRjXeijYwIPxy15KzIiipY12518HiCf6/8kkRbMxgOfdYg9X4BRV3HV3g==}
    peerDependencies:
      '@tiptap/core': 3.23.4

  '@tiptap/extension-text@3.23.4':
    resolution: {integrity: sha512-q9kxver/MR18p66aWZHSPycnr9hcBFyVGeGj8gf+BQCzn5hpvtSYTfLvk1nq8GFhygdQ9/e3f7B5ovrm/jnpvw==}
    peerDependencies:
      '@tiptap/core': 3.23.4

  '@tiptap/extension-underline@3.23.4':
    resolution: {integrity: sha512-F1ocPT10LV+seky25R1TMCRdc/Iof99jLcDSYDGr6mNEDY4ct2RvOeSM8aDdYq6CkH+vXt3i3JDeRwV23KzswQ==}
    peerDependencies:
      '@tiptap/core': 3.23.4

  '@tiptap/extensions@3.23.4':
    resolution: {integrity: sha512-SlGPXauW8iKWG7wwuwC/0y/smLImp0h6GBIGgNnTBgIP/ThXQnjLMSZH0mW/REO87dQxkku01V3ARRywi+juhg==}
    peerDependencies:
      '@tiptap/core': 3.23.4
      '@tiptap/pm': 3.23.4

  '@tiptap/html@3.23.4':
    resolution: {integrity: sha512-HsCviuj8mc+9tXlPcro529N1H32jOCl1/hw5r2J7x+MR7lYuBiOe443pDZ/ZOe1Vlb7FWEMG18I4uq+OSBqDQA==}
    peerDependencies:
      '@tiptap/core': 3.23.4
      '@tiptap/pm': 3.23.4
      happy-dom: ^20.8.9

  '@tiptap/pm@3.23.4':
    resolution: {integrity: sha512-+C5ngcoza47n3MjtjVBqBEBICPC0McdbwzJ+X6SSCviCLoqnSYanv5mIX9HWG0Q4fJ4BkdNM3VibZUxQaTbKyQ==}

  '@tiptap/starter-kit@3.23.4':
    resolution: {integrity: sha512-3VhU+NO6/ec9DMj/5Ej0nzARSq42cXnqW+QHCmTL3FNXkXQz+tw1KlfruT5GGJ3M0RssjWjRC0a39N/4S3qxeA==}

  '@types/node@25.8.0':
    resolution: {integrity: sha512-TCFSk8IZh+iLX1xtksoBVtdmgL+1IX0fC9BeU4QqFSuNdN/K+HUlhqOzEmSYYpZUVsLYcPqc9KX+60iDuninSQ==}

  '@types/react@19.2.14':
    resolution: {integrity: sha512-ilcTH/UniCkMdtexkoCN0bI7pMcJDvmQFPvuPvmEaYA/NSfFTAgdUSLAoVjaRJm7+6PvcM+q1zYOwS4wTYMF9w==}

  '@types/whatwg-mimetype@3.0.2':
    resolution: {integrity: sha512-c2AKvDT8ToxLIOUlN51gTiHXflsfIFisS4pO7pDPoKouJCESkhZnEy623gwP9laCy5lnLDAw1vAzu2vM2YLOrA==}

  '@types/ws@8.18.1':
    resolution: {integrity: sha512-ThVF6DCVhA8kUGy+aazFQ4kXQ7E1Ty7A3ypFOe0IcJV8O/M511G99AW24irKrW56Wt44yG9+ij8FaqoBGkuBXg==}

  ajv-formats@3.0.1:
    resolution: {integrity: sha512-8iUql50EUR+uUcdRQ3HDqa6EVyo3docL8g5WJ3FNcWmu62IbkGUue/pEyLBW8VGKKucTPgqeks4fIU1DA4yowQ==}
    peerDependencies:
      ajv: ^8.0.0
    peerDependenciesMeta:
      ajv:
        optional: true

  ajv@8.20.0:
    resolution: {integrity: sha512-Thbli+OlOj+iMPYFBVBfJ3OmCAnaSyNn4M1vz9T6Gka5Jt9ba/HIR56joy65tY6kx/FCF5VXNB819Y7/GUrBGA==}

  csstype@3.2.3:
    resolution: {integrity: sha512-z1HGKcYy2xA8AGQfwrn0PAy+PB7X/GSj3UVJW9qKyn43xWa+gl5nXmU4qqLMRzWVLFC8KusUX8T/0kCiOYpAIQ==}

  entities@7.0.1:
    resolution: {integrity: sha512-TWrgLOFUQTH994YUyl1yT4uyavY5nNB5muff+RtWaqNVCAK408b5ZnnbNAUEWLTCpum9w6arT70i1XdQ4UeOPA==}
    engines: {node: '>=0.12'}

  fast-deep-equal@3.1.3:
    resolution: {integrity: sha512-f3qQ9oQy9j2AhBe/H9VC91wLmKBCCU/gDOnKNAYG5hswO7BLKj09Hc5HYNz9cGI++xlpDCIgDaitVs03ATR84Q==}

  fast-uri@3.1.2:
    resolution: {integrity: sha512-rVjf7ArG3LTk+FS6Yw81V1DLuZl1bRbNrev6Tmd/9RaroeeRRJhAt7jg/6YFxbvAQXUCavSoZhPPj6oOx+5KjQ==}

  happy-dom@20.9.0:
    resolution: {integrity: sha512-GZZ9mKe8r646NUAf/zemnGbjYh4Bt8/MqASJY+pSm5ZDtc3YQox+4gsLI7yi1hba6o+eCsGxpHn5+iEVn31/FQ==}
    engines: {node: '>=20.0.0'}

  json-schema-traverse@1.0.0:
    resolution: {integrity: sha512-NM8/P9n3XjXhIZn1lLhkFaACTOURQXjWhV4BA/RnOv8xvgqtqpAX9IO4mRQxSx1Rlo4tqzeqb0sOlruaOy3dug==}

  linkifyjs@4.3.3:
    resolution: {integrity: sha512-P8aEP5U/D1/IlTY2OeYsErdwh9bGuLE30NcXtKEjgdHcahveQoQwM2yZNsioQHsWFz0P7KKudisbrzCgR0sDHg==}

  lucide-react@0.468.0:
    resolution: {integrity: sha512-6koYRhnM2N0GGZIdXzSeiNwguv1gt/FAjZOiPl76roBi3xKEXa4WmfpxgQwTTL4KipXjefrnf3oV4IsYhi4JFA==}
    peerDependencies:
      react: ^16.5.1 || ^17.0.0 || ^18.0.0 || ^19.0.0-rc

  orderedmap@2.1.1:
    resolution: {integrity: sha512-TvAWxi0nDe1j/rtMcWcIj94+Ffe6n7zhow33h40SKxmsmozs6dz/e+EajymfoFcHd7sxNn8yHM8839uixMOV6g==}

  prosemirror-changeset@2.4.1:
    resolution: {integrity: sha512-96WBLhOaYhJ+kPhLg3uW359Tz6I/MfcrQfL4EGv4SrcqKEMC1gmoGrXHecPE8eOwTVCJ4IwgfzM8fFad25wNfw==}

  prosemirror-commands@1.7.1:
    resolution: {integrity: sha512-rT7qZnQtx5c0/y/KlYaGvtG411S97UaL6gdp6RIZ23DLHanMYLyfGBV5DtSnZdthQql7W+lEVbpSfwtO8T+L2w==}

  prosemirror-dropcursor@1.8.2:
    resolution: {integrity: sha512-CCk6Gyx9+Tt2sbYk5NK0nB1ukHi2ryaRgadV/LvyNuO3ena1payM2z6Cg0vO1ebK8cxbzo41ku2DE5Axj1Zuiw==}

  prosemirror-gapcursor@1.4.1:
    resolution: {integrity: sha512-pMdYaEnjNMSwl11yjEGtgTmLkR08m/Vl+Jj443167p9eB3HVQKhYCc4gmHVDsLPODfZfjr/MmirsdyZziXbQKw==}

  prosemirror-history@1.5.0:
    resolution: {integrity: sha512-zlzTiH01eKA55UAf1MEjtssJeHnGxO0j4K4Dpx+gnmX9n+SHNlDqI2oO1Kv1iPN5B1dm5fsljCfqKF9nFL6HRg==}

  prosemirror-keymap@1.2.3:
    resolution: {integrity: sha512-4HucRlpiLd1IPQQXNqeo81BGtkY8Ai5smHhKW9jjPKRc2wQIxksg7Hl1tTI2IfT2B/LgX6bfYvXxEpJl7aKYKw==}

  prosemirror-model@1.25.6:
    resolution: {integrity: sha512-RIm+e9BiqAaJ1mRECv3vR3C+VG8ELoTTI+47tVudGi82yLnFOx3G/p/iSPK1HmHQdKhkkrJ68NJqxh7S+FBVmQ==}

  prosemirror-schema-list@1.5.1:
    resolution: {integrity: sha512-927lFx/uwyQaGwJxLWCZRkjXG0p48KpMj6ueoYiu4JX05GGuGcgzAy62dfiV8eFZftgyBUvLx76RsMe20fJl+Q==}

  prosemirror-state@1.4.4:
    resolution: {integrity: sha512-6jiYHH2CIGbCfnxdHbXZ12gySFY/fz/ulZE333G6bPqIZ4F+TXo9ifiR86nAHpWnfoNjOb3o5ESi7J8Uz1jXHw==}

  prosemirror-tables@1.8.5:
    resolution: {integrity: sha512-V/0cDCsHKHe/tfWkeCmthNUcEp1IVO3p6vwN8XtwE9PZQLAZJigbw3QoraAdfJPir4NKJtNvOB8oYGKRl+t0Dw==}

  prosemirror-transform@1.12.0:
    resolution: {integrity: sha512-GxboyN4AMIsoHNtz5uf2r2Ru551i5hWeCMD6E2Ib4Eogqoub0NflniaBPVQ4MrGE5yZ8JV9tUHg9qcZTTrcN4w==}

  prosemirror-view@1.41.8:
    resolution: {integrity: sha512-TnKDdohEatgyZNGCDWIdccOHXhYloJwbwU+phw/a23KBvJIR9lWQWW7WHHK3vBdOLDNuF7TaX98GObUZOWkOnA==}

  react-dom@19.2.6:
    resolution: {integrity: sha512-0prMI+hvBbPjsWnxDLxlCGyM8PN6UuWjEUCYmZhO67xIV9Xasa/r/vDnq+Xyq4Lo27g8QSbO5YzARu0D1Sps3g==}
    peerDependencies:
      react: ^19.2.6

  react@19.2.6:
    resolution: {integrity: sha512-sfWGGfavi0xr8Pg0sVsyHMAOziVYKgPLNrS7ig+ivMNb3wbCBw3KxtflsGBAwD3gYQlE/AEZsTLgToRrSCjb0Q==}
    engines: {node: '>=0.10.0'}

  require-from-string@2.0.2:
    resolution: {integrity: sha512-Xf0nWe6RseziFMu+Ap9biiUbmplq6S9/p+7w7YXP/JBHhrUDDUhwa+vANyubuqfZWTveU//DYVGsDG7RKL/vEw==}
    engines: {node: '>=0.10.0'}

  rope-sequence@1.3.4:
    resolution: {integrity: sha512-UT5EDe2cu2E/6O4igUr5PSFs23nvvukicWHx6GnOPlHAiiYbzNuCRQCuiUdHJQcqKalLKlrYJnjY0ySGsXNQXQ==}

  scheduler@0.27.0:
    resolution: {integrity: sha512-eNv+WrVbKu1f3vbYJT/xtiF5syA5HPIMtf9IgY/nKg0sWqzAUEvqY/xm7OcZc/qafLx/iO9FgOmeSAp4v5ti/Q==}

  typescript@5.9.3:
    resolution: {integrity: sha512-jl1vZzPDinLr9eUt3J/t7V6FgNEw9QjvBPdysz9KfQDD41fQrC2Y4vKQdiaUpFT4bXlb1RHhLpp8wtm6M5TgSw==}
    engines: {node: '>=14.17'}
    hasBin: true

  undici-types@7.24.6:
    resolution: {integrity: sha512-WRNW+sJgj5OBN4/0JpHFqtqzhpbnV0GuB+OozA9gCL7a993SmU+1JBZCzLNxYsbMfIeDL+lTsphD5jN5N+n0zg==}

  w3c-keyname@2.2.8:
    resolution: {integrity: sha512-dpojBhNsCNN7T82Tm7k26A6G9ML3NkhDsnw9n/eoxSRlVBB4CEtIQ/KTCLI2Fwf3ataSXRhYFkQi3SlnFwPvPQ==}

  whatwg-mimetype@3.0.0:
    resolution: {integrity: sha512-nt+N2dzIutVRxARx1nghPKGv1xHikU7HKdfafKkLNLindmPU/ch3U31NOCGGA/dmPcmb1VlofO0vnKAcsm0o/Q==}
    engines: {node: '>=12'}

  ws@8.20.1:
    resolution: {integrity: sha512-It4dO0K5v//JtTXuPkfEOaI3uUN87iYPnqo/ZzqCoG3g8uhA66QUMs/SrM0YK7/NAu+r4LMh/9dq2A7k+rHs+w==}
    engines: {node: '>=10.0.0'}
    peerDependencies:
      bufferutil: ^4.0.1
      utf-8-validate: '>=5.0.2'
    peerDependenciesMeta:
      bufferutil:
        optional: true
      utf-8-validate:
        optional: true

snapshots:

  '@portaki/module-sdk@0.5.0(react@19.2.6)':
    dependencies:
      react: 19.2.6

  '@portaki/module-sdk@0.6.0(react@19.2.6)':
    dependencies:
      react: 19.2.6

  '@portaki/sdk@0.5.1(react@19.2.6)':
    dependencies:
      react: 19.2.6

  '@tiptap/core@3.23.4(@tiptap/pm@3.23.4)':
    dependencies:
      '@tiptap/pm': 3.23.4

  '@tiptap/extension-blockquote@3.23.4(@tiptap/core@3.23.4(@tiptap/pm@3.23.4))':
    dependencies:
      '@tiptap/core': 3.23.4(@tiptap/pm@3.23.4)

  '@tiptap/extension-bold@3.23.4(@tiptap/core@3.23.4(@tiptap/pm@3.23.4))':
    dependencies:
      '@tiptap/core': 3.23.4(@tiptap/pm@3.23.4)

  '@tiptap/extension-bullet-list@3.23.4(@tiptap/extension-list@3.23.4(@tiptap/core@3.23.4(@tiptap/pm@3.23.4))(@tiptap/pm@3.23.4))':
    dependencies:
      '@tiptap/extension-list': 3.23.4(@tiptap/core@3.23.4(@tiptap/pm@3.23.4))(@tiptap/pm@3.23.4)

  '@tiptap/extension-code-block@3.23.4(@tiptap/core@3.23.4(@tiptap/pm@3.23.4))(@tiptap/pm@3.23.4)':
    dependencies:
      '@tiptap/core': 3.23.4(@tiptap/pm@3.23.4)
      '@tiptap/pm': 3.23.4

  '@tiptap/extension-code@3.23.4(@tiptap/core@3.23.4(@tiptap/pm@3.23.4))':
    dependencies:
      '@tiptap/core': 3.23.4(@tiptap/pm@3.23.4)

  '@tiptap/extension-document@3.23.4(@tiptap/core@3.23.4(@tiptap/pm@3.23.4))':
    dependencies:
      '@tiptap/core': 3.23.4(@tiptap/pm@3.23.4)

  '@tiptap/extension-dropcursor@3.23.4(@tiptap/extensions@3.23.4(@tiptap/core@3.23.4(@tiptap/pm@3.23.4))(@tiptap/pm@3.23.4))':
    dependencies:
      '@tiptap/extensions': 3.23.4(@tiptap/core@3.23.4(@tiptap/pm@3.23.4))(@tiptap/pm@3.23.4)

  '@tiptap/extension-gapcursor@3.23.4(@tiptap/extensions@3.23.4(@tiptap/core@3.23.4(@tiptap/pm@3.23.4))(@tiptap/pm@3.23.4))':
    dependencies:
      '@tiptap/extensions': 3.23.4(@tiptap/core@3.23.4(@tiptap/pm@3.23.4))(@tiptap/pm@3.23.4)

  '@tiptap/extension-hard-break@3.23.4(@tiptap/core@3.23.4(@tiptap/pm@3.23.4))':
    dependencies:
      '@tiptap/core': 3.23.4(@tiptap/pm@3.23.4)

  '@tiptap/extension-heading@3.23.4(@tiptap/core@3.23.4(@tiptap/pm@3.23.4))':
    dependencies:
      '@tiptap/core': 3.23.4(@tiptap/pm@3.23.4)

  '@tiptap/extension-horizontal-rule@3.23.4(@tiptap/core@3.23.4(@tiptap/pm@3.23.4))(@tiptap/pm@3.23.4)':
    dependencies:
      '@tiptap/core': 3.23.4(@tiptap/pm@3.23.4)
      '@tiptap/pm': 3.23.4

  '@tiptap/extension-italic@3.23.4(@tiptap/core@3.23.4(@tiptap/pm@3.23.4))':
    dependencies:
      '@tiptap/core': 3.23.4(@tiptap/pm@3.23.4)

  '@tiptap/extension-link@3.23.4(@tiptap/core@3.23.4(@tiptap/pm@3.23.4))(@tiptap/pm@3.23.4)':
    dependencies:
      '@tiptap/core': 3.23.4(@tiptap/pm@3.23.4)
      '@tiptap/pm': 3.23.4
      linkifyjs: 4.3.3

  '@tiptap/extension-list-item@3.23.4(@tiptap/extension-list@3.23.4(@tiptap/core@3.23.4(@tiptap/pm@3.23.4))(@tiptap/pm@3.23.4))':
    dependencies:
      '@tiptap/extension-list': 3.23.4(@tiptap/core@3.23.4(@tiptap/pm@3.23.4))(@tiptap/pm@3.23.4)

  '@tiptap/extension-list-keymap@3.23.4(@tiptap/extension-list@3.23.4(@tiptap/core@3.23.4(@tiptap/pm@3.23.4))(@tiptap/pm@3.23.4))':
    dependencies:
      '@tiptap/extension-list': 3.23.4(@tiptap/core@3.23.4(@tiptap/pm@3.23.4))(@tiptap/pm@3.23.4)

  '@tiptap/extension-list@3.23.4(@tiptap/core@3.23.4(@tiptap/pm@3.23.4))(@tiptap/pm@3.23.4)':
    dependencies:
      '@tiptap/core': 3.23.4(@tiptap/pm@3.23.4)
      '@tiptap/pm': 3.23.4

  '@tiptap/extension-ordered-list@3.23.4(@tiptap/extension-list@3.23.4(@tiptap/core@3.23.4(@tiptap/pm@3.23.4))(@tiptap/pm@3.23.4))':
    dependencies:
      '@tiptap/extension-list': 3.23.4(@tiptap/core@3.23.4(@tiptap/pm@3.23.4))(@tiptap/pm@3.23.4)

  '@tiptap/extension-paragraph@3.23.4(@tiptap/core@3.23.4(@tiptap/pm@3.23.4))':
    dependencies:
      '@tiptap/core': 3.23.4(@tiptap/pm@3.23.4)

  '@tiptap/extension-strike@3.23.4(@tiptap/core@3.23.4(@tiptap/pm@3.23.4))':
    dependencies:
      '@tiptap/core': 3.23.4(@tiptap/pm@3.23.4)

  '@tiptap/extension-text@3.23.4(@tiptap/core@3.23.4(@tiptap/pm@3.23.4))':
    dependencies:
      '@tiptap/core': 3.23.4(@tiptap/pm@3.23.4)

  '@tiptap/extension-underline@3.23.4(@tiptap/core@3.23.4(@tiptap/pm@3.23.4))':
    dependencies:
      '@tiptap/core': 3.23.4(@tiptap/pm@3.23.4)

  '@tiptap/extensions@3.23.4(@tiptap/core@3.23.4(@tiptap/pm@3.23.4))(@tiptap/pm@3.23.4)':
    dependencies:
      '@tiptap/core': 3.23.4(@tiptap/pm@3.23.4)
      '@tiptap/pm': 3.23.4

  '@tiptap/html@3.23.4(@tiptap/core@3.23.4(@tiptap/pm@3.23.4))(@tiptap/pm@3.23.4)(happy-dom@20.9.0)':
    dependencies:
      '@tiptap/core': 3.23.4(@tiptap/pm@3.23.4)
      '@tiptap/pm': 3.23.4
      happy-dom: 20.9.0

  '@tiptap/pm@3.23.4':
    dependencies:
      prosemirror-changeset: 2.4.1
      prosemirror-commands: 1.7.1
      prosemirror-dropcursor: 1.8.2
      prosemirror-gapcursor: 1.4.1
      prosemirror-history: 1.5.0
      prosemirror-keymap: 1.2.3
      prosemirror-model: 1.25.6
      prosemirror-schema-list: 1.5.1
      prosemirror-state: 1.4.4
      prosemirror-tables: 1.8.5
      prosemirror-transform: 1.12.0
      prosemirror-view: 1.41.8

  '@tiptap/starter-kit@3.23.4':
    dependencies:
      '@tiptap/core': 3.23.4(@tiptap/pm@3.23.4)
      '@tiptap/extension-blockquote': 3.23.4(@tiptap/core@3.23.4(@tiptap/pm@3.23.4))
      '@tiptap/extension-bold': 3.23.4(@tiptap/core@3.23.4(@tiptap/pm@3.23.4))
      '@tiptap/extension-bullet-list': 3.23.4(@tiptap/extension-list@3.23.4(@tiptap/core@3.23.4(@tiptap/pm@3.23.4))(@tiptap/pm@3.23.4))
      '@tiptap/extension-code': 3.23.4(@tiptap/core@3.23.4(@tiptap/pm@3.23.4))
      '@tiptap/extension-code-block': 3.23.4(@tiptap/core@3.23.4(@tiptap/pm@3.23.4))(@tiptap/pm@3.23.4)
      '@tiptap/extension-document': 3.23.4(@tiptap/core@3.23.4(@tiptap/pm@3.23.4))
      '@tiptap/extension-dropcursor': 3.23.4(@tiptap/extensions@3.23.4(@tiptap/core@3.23.4(@tiptap/pm@3.23.4))(@tiptap/pm@3.23.4))
      '@tiptap/extension-gapcursor': 3.23.4(@tiptap/extensions@3.23.4(@tiptap/core@3.23.4(@tiptap/pm@3.23.4))(@tiptap/pm@3.23.4))
      '@tiptap/extension-hard-break': 3.23.4(@tiptap/core@3.23.4(@tiptap/pm@3.23.4))
      '@tiptap/extension-heading': 3.23.4(@tiptap/core@3.23.4(@tiptap/pm@3.23.4))
      '@tiptap/extension-horizontal-rule': 3.23.4(@tiptap/core@3.23.4(@tiptap/pm@3.23.4))(@tiptap/pm@3.23.4)
      '@tiptap/extension-italic': 3.23.4(@tiptap/core@3.23.4(@tiptap/pm@3.23.4))
      '@tiptap/extension-link': 3.23.4(@tiptap/core@3.23.4(@tiptap/pm@3.23.4))(@tiptap/pm@3.23.4)
      '@tiptap/extension-list': 3.23.4(@tiptap/core@3.23.4(@tiptap/pm@3.23.4))(@tiptap/pm@3.23.4)
      '@tiptap/extension-list-item': 3.23.4(@tiptap/extension-list@3.23.4(@tiptap/core@3.23.4(@tiptap/pm@3.23.4))(@tiptap/pm@3.23.4))
      '@tiptap/extension-list-keymap': 3.23.4(@tiptap/extension-list@3.23.4(@tiptap/core@3.23.4(@tiptap/pm@3.23.4))(@tiptap/pm@3.23.4))
      '@tiptap/extension-ordered-list': 3.23.4(@tiptap/extension-list@3.23.4(@tiptap/core@3.23.4(@tiptap/pm@3.23.4))(@tiptap/pm@3.23.4))
      '@tiptap/extension-paragraph': 3.23.4(@tiptap/core@3.23.4(@tiptap/pm@3.23.4))
      '@tiptap/extension-strike': 3.23.4(@tiptap/core@3.23.4(@tiptap/pm@3.23.4))
      '@tiptap/extension-text': 3.23.4(@tiptap/core@3.23.4(@tiptap/pm@3.23.4))
      '@tiptap/extension-underline': 3.23.4(@tiptap/core@3.23.4(@tiptap/pm@3.23.4))
      '@tiptap/extensions': 3.23.4(@tiptap/core@3.23.4(@tiptap/pm@3.23.4))(@tiptap/pm@3.23.4)
      '@tiptap/pm': 3.23.4

  '@types/node@25.8.0':
    dependencies:
      undici-types: 7.24.6

  '@types/react@19.2.14':
    dependencies:
      csstype: 3.2.3

  '@types/whatwg-mimetype@3.0.2': {}

  '@types/ws@8.18.1':
    dependencies:
      '@types/node': 25.8.0

  ajv-formats@3.0.1(ajv@8.20.0):
    optionalDependencies:
      ajv: 8.20.0

  ajv@8.20.0:
    dependencies:
      fast-deep-equal: 3.1.3
      fast-uri: 3.1.2
      json-schema-traverse: 1.0.0
      require-from-string: 2.0.2

  csstype@3.2.3: {}

  entities@7.0.1: {}

  fast-deep-equal@3.1.3: {}

  fast-uri@3.1.2: {}

  happy-dom@20.9.0:
    dependencies:
      '@types/node': 25.8.0
      '@types/whatwg-mimetype': 3.0.2
      '@types/ws': 8.18.1
      entities: 7.0.1
      whatwg-mimetype: 3.0.0
      ws: 8.20.1
    transitivePeerDependencies:
      - bufferutil
      - utf-8-validate

  json-schema-traverse@1.0.0: {}

  linkifyjs@4.3.3: {}

  lucide-react@0.468.0(react@19.2.6):
    dependencies:
      react: 19.2.6

  orderedmap@2.1.1: {}

  prosemirror-changeset@2.4.1:
    dependencies:
      prosemirror-transform: 1.12.0

  prosemirror-commands@1.7.1:
    dependencies:
      prosemirror-model: 1.25.6
      prosemirror-state: 1.4.4
      prosemirror-transform: 1.12.0

  prosemirror-dropcursor@1.8.2:
    dependencies:
      prosemirror-state: 1.4.4
      prosemirror-transform: 1.12.0
      prosemirror-view: 1.41.8

  prosemirror-gapcursor@1.4.1:
    dependencies:
      prosemirror-keymap: 1.2.3
      prosemirror-model: 1.25.6
      prosemirror-state: 1.4.4
      prosemirror-view: 1.41.8

  prosemirror-history@1.5.0:
    dependencies:
      prosemirror-state: 1.4.4
      prosemirror-transform: 1.12.0
      prosemirror-view: 1.41.8
      rope-sequence: 1.3.4

  prosemirror-keymap@1.2.3:
    dependencies:
      prosemirror-state: 1.4.4
      w3c-keyname: 2.2.8

  prosemirror-model@1.25.6:
    dependencies:
      orderedmap: 2.1.1

  prosemirror-schema-list@1.5.1:
    dependencies:
      prosemirror-model: 1.25.6
      prosemirror-state: 1.4.4
      prosemirror-transform: 1.12.0

  prosemirror-state@1.4.4:
    dependencies:
      prosemirror-model: 1.25.6
      prosemirror-transform: 1.12.0
      prosemirror-view: 1.41.8

  prosemirror-tables@1.8.5:
    dependencies:
      prosemirror-keymap: 1.2.3
      prosemirror-model: 1.25.6
      prosemirror-state: 1.4.4
      prosemirror-transform: 1.12.0
      prosemirror-view: 1.41.8

  prosemirror-transform@1.12.0:
    dependencies:
      prosemirror-model: 1.25.6

  prosemirror-view@1.41.8:
    dependencies:
      prosemirror-model: 1.25.6
      prosemirror-state: 1.4.4
      prosemirror-transform: 1.12.0

  react-dom@19.2.6(react@19.2.6):
    dependencies:
      react: 19.2.6
      scheduler: 0.27.0

  react@19.2.6: {}

  require-from-string@2.0.2: {}

  rope-sequence@1.3.4: {}

  scheduler@0.27.0: {}

  typescript@5.9.3: {}

  undici-types@7.24.6: {}

  w3c-keyname@2.2.8: {}

  whatwg-mimetype@3.0.0: {}

  ws@8.20.1: {}
